{
  "name": "fuse-sdk",
  "version": "3.0.0-beta.2",
  "lockfileVersion": 2,
  "requires": true,
  "packages": {
    "": {
      "name": "fuse-sdk",
      "version": "3.0.0-beta.2",
      "license": "MIT",
      "dependencies": {
        "@fuse-open/fuselibs": "~3.0.0-beta.3",
        "@fuse-open/tsconfig": "~2.7.0",
        "@fuse-open/types": "~2.7.1",
        "@fuse-open/uno": "~3.0.0-beta.7"
      },
      "bin": {
        "uno": "uno.js"
      },
      "devDependencies": {
        "axios": "^1.4.0"
      },
      "funding": {
        "type": "opencollective",
        "url": "https://opencollective.com/fuse-open"
      }
    },
    "node_modules/@fuse-open/fuselibs": {
      "version": "3.0.0-beta.3",
      "resolved": "https://registry.npmjs.org/@fuse-open/fuselibs/-/fuselibs-3.0.0-beta.3.tgz",
      "integrity": "sha512-X2O8usbplpToL1orQq5I85nF6HCNynfBmhbDA1V5oIk3p771OaaBq/DlOwUQkVX/KWfTBNkI/+zgX+yyQXRZtg==",
      "funding": {
        "type": "opencollective",
        "url": "https://opencollective.com/fuse-open"
      }
    },
    "node_modules/@fuse-open/opentk": {
      "version": "3.2.0",
      "resolved": "https://registry.npmjs.org/@fuse-open/opentk/-/opentk-3.2.0.tgz",
      "integrity": "sha512-LFXms2H9+3k12Ijcaz4aQ+9PzHn6KiN1ee/0T7iwkraTGy9f8g/SUCmLa7Co/Bzrr0Ykj2u7eYoT7QXYtutOEA=="
    },
    "node_modules/@fuse-open/transpiler": {
      "version": "1.18.0",
      "resolved": "https://registry.npmjs.org/@fuse-open/transpiler/-/transpiler-1.18.0.tgz",
      "integrity": "sha512-mqxz4Acz9EJ6yPFNJfnGA/4xY+ePWcsyn/eTh2NmvqREpbbtNB/08hTTaFBBjPnxqXqDONJ3N1JZdofgjyx6vQ==",
      "bin": {
        "fusejs-transpiler": "bin/cli.js"
      }
    },
    "node_modules/@fuse-open/tsconfig": {
      "version": "2.7.0",
      "resolved": "https://registry.npmjs.org/@fuse-open/tsconfig/-/tsconfig-2.7.0.tgz",
      "integrity": "sha512-0vpHoIyu2FxvnKZ6GyJo78D2zBei39kd5mHqa/Bly5StjxBc4DHPhRiqIuwYRi5MliriA9biq4gmnhLOEdWM0Q=="
    },
    "node_modules/@fuse-open/types": {
      "version": "2.7.1",
      "resolved": "https://registry.npmjs.org/@fuse-open/types/-/types-2.7.1.tgz",
      "integrity": "sha512-lnO0eeAUt+En3AAMmeenq2o3Q6izUreFEqVd9ePeccMz09XPyygnFx1BSAoy6UNEVcks1Ptuyy/Cy+8dZ/VrzQ=="
    },
    "node_modules/@fuse-open/uno": {
      "version": "3.0.0-beta.7",
      "resolved": "https://registry.npmjs.org/@fuse-open/uno/-/uno-3.0.0-beta.7.tgz",
      "integrity": "sha512-EAcnEv7oHbaHdBWY5olhSsfEQ/7605myWK+U6QJqoscdOdg9s4tLReMfz+/CiIXhlX0CBqVAfUUP7s1RJ9SFoQ==",
      "hasInstallScript": true,
      "dependencies": {
        "@fuse-open/opentk": "^3.2.0",
        "@fuse-open/transpiler": "^1.18.0",
        "dotnet-run": "^2.0.0"
      },
      "bin": {
        "uno": "bin/net6.0/uno.js"
      },
      "funding": {
        "type": "opencollective",
        "url": "https://opencollective.com/fuse-open"
      }
    },
    "node_modules/asynckit": {
      "version": "0.4.0",
      "resolved": "https://registry.npmjs.org/asynckit/-/asynckit-0.4.0.tgz",
      "integrity": "sha512-Oei9OH4tRh0YqU3GxhX79dM/mwVgvbZJaSNaRk+bshkj0S5cfHcgYakreBjrHwatXKbz+IoIdYLxrKim2MjW0Q==",
      "dev": true
    },
    "node_modules/axios": {
      "version": "1.4.0",
      "resolved": "https://registry.npmjs.org/axios/-/axios-1.4.0.tgz",
      "integrity": "sha512-S4XCWMEmzvo64T9GfvQDOXgYRDJ/wsSZc7Jvdgx5u1sd0JwsuPLqb3SYmusag+edF6ziyMensPVqLTSc1PiSEA==",
      "dev": true,
      "dependencies": {
        "follow-redirects": "^1.15.0",
        "form-data": "^4.0.0",
        "proxy-from-env": "^1.1.0"
      }
    },
    "node_modules/combined-stream": {
      "version": "1.0.8",
      "resolved": "https://registry.npmjs.org/combined-stream/-/combined-stream-1.0.8.tgz",
      "integrity": "sha512-FQN4MRfuJeHf7cBbBMJFXhKSDq+2kAArBlmRBvcvFE5BB1HZKXtSFASDhdlz9zOYwxh8lDdnvmMOe/+5cdoEdg==",
      "dev": true,
      "dependencies": {
        "delayed-stream": "~1.0.0"
      },
      "engines": {
        "node": ">= 0.8"
      }
    },
    "node_modules/delayed-stream": {
      "version": "1.0.0",
      "resolved": "https://registry.npmjs.org/delayed-stream/-/delayed-stream-1.0.0.tgz",
      "integrity": "sha512-ZySD7Nf91aLB0RxL4KGrKHBXl7Eds1DAmEdcoVawXnLD7SDhpNgtuII2aAkg7a7QS41jxPSZ17p4VdGnMHk3MQ==",
      "dev": true,
      "engines": {
        "node": ">=0.4.0"
      }
    },
    "node_modules/dotnet-run": {
      "version": "2.0.0",
      "resolved": "https://registry.npmjs.org/dotnet-run/-/dotnet-run-2.0.0.tgz",
      "integrity": "sha512-P2md5E7tHUlFW1jLSG1Lq4RY71lu1BytQSvjRAqIEv1ktNiO/SCPOH6Wirv2iGY5RvQ7+KAkHaTiyoJE+FufRg==",
      "hasInstallScript": true,
      "dependencies": {
        "readline-sync": "^1.4.10",
        "which": "^2.0.2"
      }
    },
    "node_modules/follow-redirects": {
      "version": "1.15.2",
      "resolved": "https://registry.npmjs.org/follow-redirects/-/follow-redirects-1.15.2.tgz",
      "integrity": "sha512-VQLG33o04KaQ8uYi2tVNbdrWp1QWxNNea+nmIB4EVM28v0hmP17z7aG1+wAkNzVq4KeXTq3221ye5qTJP91JwA==",
      "dev": true,
      "funding": [
        {
          "type": "individual",
          "url": "https://github.com/sponsors/RubenVerborgh"
        }
      ],
      "engines": {
        "node": ">=4.0"
      },
      "peerDependenciesMeta": {
        "debug": {
          "optional": true
        }
      }
    },
    "node_modules/form-data": {
      "version": "4.0.0",
      "resolved": "https://registry.npmjs.org/form-data/-/form-data-4.0.0.tgz",
      "integrity": "sha512-ETEklSGi5t0QMZuiXoA/Q6vcnxcLQP5vdugSpuAyi6SVGi2clPPp+xgEhuMaHC+zGgn31Kd235W35f7Hykkaww==",
      "dev": true,
      "dependencies": {
        "asynckit": "^0.4.0",
        "combined-stream": "^1.0.8",
        "mime-types": "^2.1.12"
      },
      "engines": {
        "node": ">= 6"
      }
    },
    "node_modules/isexe": {
      "version": "2.0.0",
      "resolved": "https://registry.npmjs.org/isexe/-/isexe-2.0.0.tgz",
      "integrity": "sha512-RHxMLp9lnKHGHRng9QFhRCMbYAcVpn69smSGcq3f36xjgVVWThj4qqLbTLlq7Ssj8B+fIQ1EuCEGI2lKsyQeIw=="
    },
    "node_modules/mime-db": {
      "version": "1.52.0",
      "resolved": "https://registry.npmjs.org/mime-db/-/mime-db-1.52.0.tgz",
      "integrity": "sha512-sPU4uV7dYlvtWJxwwxHD0PuihVNiE7TyAbQ5SWxDCB9mUYvOgroQOwYQQOKPJ8CIbE+1ETVlOoK1UC2nU3gYvg==",
      "dev": true,
      "engines": {
        "node": ">= 0.6"
      }
    },
    "node_modules/mime-types": {
      "version": "2.1.35",
      "resolved": "https://registry.npmjs.org/mime-types/-/mime-types-2.1.35.tgz",
      "integrity": "sha512-ZDY+bPm5zTTF+YpCrAU9nK0UgICYPT0QtT1NZWFv4s++TNkcgVaT0g6+4R2uI4MjQjzysHB1zxuWL50hzaeXiw==",
      "dev": true,
      "dependencies": {
        "mime-db": "1.52.0"
      },
      "engines": {
        "node": ">= 0.6"
      }
    },
    "node_modules/proxy-from-env": {
      "version": "1.1.0",
      "resolved": "https://registry.npmjs.org/proxy-from-env/-/proxy-from-env-1.1.0.tgz",
      "integrity": "sha512-D+zkORCbA9f1tdWRK0RaCR3GPv50cMxcrz4X8k5LTSUD1Dkw47mKJEZQNunItRTkWwgtaUSo1RVFRIG9ZXiFYg==",
      "dev": true
    },
    "node_modules/readline-sync": {
      "version": "1.4.10",
      "resolved": "https://registry.npmjs.org/readline-sync/-/readline-sync-1.4.10.tgz",
      "integrity": "sha512-gNva8/6UAe8QYepIQH/jQ2qn91Qj0B9sYjMBBs3QOB8F2CXcKgLxQaJRP76sWVRQt+QU+8fAkCbCvjjMFu7Ycw==",
      "engines": {
        "node": ">= 0.8.0"
      }
    },
    "node_modules/which": {
      "version": "2.0.2",
      "resolved": "https://registry.npmjs.org/which/-/which-2.0.2.tgz",
      "integrity": "sha512-BLI3Tl1TW3Pvl70l3yq3Y64i+awpwXqsGBYWkkqMtnbXgrMD+yj7rhW0kuEDxzJaYXGjEW5ogapKNMEKNMjibA==",
      "dependencies": {
        "isexe": "^2.0.0"
      },
      "bin": {
        "node-which": "bin/node-which"
      },
      "engines": {
        "node": ">= 8"
      }
    }
  },
  "dependencies": {
    "@fuse-open/fuselibs": {
      "version": "3.0.0-beta.3",
      "resolved": "https://registry.npmjs.org/@fuse-open/fuselibs/-/fuselibs-3.0.0-beta.3.tgz",
      "integrity": "sha512-X2O8usbplpToL1orQq5I85nF6HCNynfBmhbDA1V5oIk3p771OaaBq/DlOwUQkVX/KWfTBNkI/+zgX+yyQXRZtg=="
    },
    "@fuse-open/opentk": {
      "version": "3.2.0",
      "resolved": "https://registry.npmjs.org/@fuse-open/opentk/-/opentk-3.2.0.tgz",
      "integrity": "sha512-LFXms2H9+3k12Ijcaz4aQ+9PzHn6KiN1ee/0T7iwkraTGy9f8g/SUCmLa7Co/Bzrr0Ykj2u7eYoT7QXYtutOEA=="
    },
    "@fuse-open/transpiler": {
      "version": "1.18.0",
      "resolved": "https://registry.npmjs.org/@fuse-open/transpiler/-/transpiler-1.18.0.tgz",
      "integrity": "sha512-mqxz4Acz9EJ6yPFNJfnGA/4xY+ePWcsyn/eTh2NmvqREpbbtNB/08hTTaFBBjPnxqXqDONJ3N1JZdofgjyx6vQ=="
    },
    "@fuse-open/tsconfig": {
      "version": "2.7.0",
      "resolved": "https://registry.npmjs.org/@fuse-open/tsconfig/-/tsconfig-2.7.0.tgz",
      "integrity": "sha512-0vpHoIyu2FxvnKZ6GyJo78D2zBei39kd5mHqa/Bly5StjxBc4DHPhRiqIuwYRi5MliriA9biq4gmnhLOEdWM0Q=="
    },
    "@fuse-open/types": {
      "version": "2.7.1",
      "resolved": "https://registry.npmjs.org/@fuse-open/types/-/types-2.7.1.tgz",
      "integrity": "sha512-lnO0eeAUt+En3AAMmeenq2o3Q6izUreFEqVd9ePeccMz09XPyygnFx1BSAoy6UNEVcks1Ptuyy/Cy+8dZ/VrzQ=="
    },
    "@fuse-open/uno": {
      "version": "3.0.0-beta.7",
      "resolved": "https://registry.npmjs.org/@fuse-open/uno/-/uno-3.0.0-beta.7.tgz",
      "integrity": "sha512-EAcnEv7oHbaHdBWY5olhSsfEQ/7605myWK+U6QJqoscdOdg9s4tLReMfz+/CiIXhlX0CBqVAfUUP7s1RJ9SFoQ==",
      "requires": {
        "@fuse-open/opentk": "^3.2.0",
        "@fuse-open/transpiler": "^1.18.0",
        "dotnet-run": "^2.0.0"
      }
    },
    "asynckit": {
      "version": "0.4.0",
      "resolved": "https://registry.npmjs.org/asynckit/-/asynckit-0.4.0.tgz",
      "integrity": "sha512-Oei9OH4tRh0YqU3GxhX79dM/mwVgvbZJaSNaRk+bshkj0S5cfHcgYakreBjrHwatXKbz+IoIdYLxrKim2MjW0Q==",
      "dev": true
    },
    "axios": {
      "version": "1.4.0",
      "resolved": "https://registry.npmjs.org/axios/-/axios-1.4.0.tgz",
      "integrity": "sha512-S4XCWMEmzvo64T9GfvQDOXgYRDJ/wsSZc7Jvdgx5u1sd0JwsuPLqb3SYmusag+edF6ziyMensPVqLTSc1PiSEA==",
      "dev": true,
      "requires": {
        "follow-redirects": "^1.15.0",
        "form-data": "^4.0.0",
        "proxy-from-env": "^1.1.0"
      }
    },
    "combined-stream": {
      "version": "1.0.8",
      "resolved": "https://registry.npmjs.org/combined-stream/-/combined-stream-1.0.8.tgz",
      "integrity": "sha512-FQN4MRfuJeHf7cBbBMJFXhKSDq+2kAArBlmRBvcvFE5BB1HZKXtSFASDhdlz9zOYwxh8lDdnvmMOe/+5cdoEdg==",
      "dev": true,
      "requires": {
        "delayed-stream": "~1.0.0"
      }
    },
    "delayed-stream": {
      "version": "1.0.0",
      "resolved": "https://registry.npmjs.org/delayed-stream/-/delayed-stream-1.0.0.tgz",
      "integrity": "sha512-ZySD7Nf91aLB0RxL4KGrKHBXl7Eds1DAmEdcoVawXnLD7SDhpNgtuII2aAkg7a7QS41jxPSZ17p4VdGnMHk3MQ==",
      "dev": true
    },
    "dotnet-run": {
      "version": "2.0.0",
      "resolved": "https://registry.npmjs.org/dotnet-run/-/dotnet-run-2.0.0.tgz",
      "integrity": "sha512-P2md5E7tHUlFW1jLSG1Lq4RY71lu1BytQSvjRAqIEv1ktNiO/SCPOH6Wirv2iGY5RvQ7+KAkHaTiyoJE+FufRg==",
      "requires": {
        "readline-sync": "^1.4.10",
        "which": "^2.0.2"
      }
    },
    "follow-redirects": {
      "version": "1.15.2",
      "resolved": "https://registry.npmjs.org/follow-redirects/-/follow-redirects-1.15.2.tgz",
      "integrity": "sha512-VQLG33o04KaQ8uYi2tVNbdrWp1QWxNNea+nmIB4EVM28v0hmP17z7aG1+wAkNzVq4KeXTq3221ye5qTJP91JwA==",
      "dev": true
    },
    "form-data": {
      "version": "4.0.0",
      "resolved": "https://registry.npmjs.org/form-data/-/form-data-4.0.0.tgz",
      "integrity": "sha512-ETEklSGi5t0QMZuiXoA/Q6vcnxcLQP5vdugSpuAyi6SVGi2clPPp+xgEhuMaHC+zGgn31Kd235W35f7Hykkaww==",
      "dev": true,
      "requires": {
        "asynckit": "^0.4.0",
        "combined-stream": "^1.0.8",
        "mime-types": "^2.1.12"
      }
    },
    "isexe": {
      "version": "2.0.0",
      "resolved": "https://registry.npmjs.org/isexe/-/isexe-2.0.0.tgz",
      "integrity": "sha512-RHxMLp9lnKHGHRng9QFhRCMbYAcVpn69smSGcq3f36xjgVVWThj4qqLbTLlq7Ssj8B+fIQ1EuCEGI2lKsyQeIw=="
    },
    "mime-db": {
      "version": "1.52.0",
      "resolved": "https://registry.npmjs.org/mime-db/-/mime-db-1.52.0.tgz",
      "integrity": "sha512-sPU4uV7dYlvtWJxwwxHD0PuihVNiE7TyAbQ5SWxDCB9mUYvOgroQOwYQQOKPJ8CIbE+1ETVlOoK1UC2nU3gYvg==",
      "dev": true
    },
    "mime-types": {
      "version": "2.1.35",
      "resolved": "https://registry.npmjs.org/mime-types/-/mime-types-2.1.35.tgz",
      "integrity": "sha512-ZDY+bPm5zTTF+YpCrAU9nK0UgICYPT0QtT1NZWFv4s++TNkcgVaT0g6+4R2uI4MjQjzysHB1zxuWL50hzaeXiw==",
      "dev": true,
      "requires": {
        "mime-db": "1.52.0"
      }
    },
    "proxy-from-env": {
      "version": "1.1.0",
      "resolved": "https://registry.npmjs.org/proxy-from-env/-/proxy-from-env-1.1.0.tgz",
      "integrity": "sha512-D+zkORCbA9f1tdWRK0RaCR3GPv50cMxcrz4X8k5LTSUD1Dkw47mKJEZQNunItRTkWwgtaUSo1RVFRIG9ZXiFYg==",
      "dev": true
    },
    "readline-sync": {
      "version": "1.4.10",
      "resolved": "https://registry.npmjs.org/readline-sync/-/readline-sync-1.4.10.tgz",
      "integrity": "sha512-gNva8/6UAe8QYepIQH/jQ2qn91Qj0B9sYjMBBs3QOB8F2CXcKgLxQaJRP76sWVRQt+QU+8fAkCbCvjjMFu7Ycw=="
    },
    "which": {
      "version": "2.0.2",
      "resolved": "https://registry.npmjs.org/which/-/which-2.0.2.tgz",
      "integrity": "sha512-BLI3Tl1TW3Pvl70l3yq3Y64i+awpwXqsGBYWkkqMtnbXgrMD+yj7rhW0kuEDxzJaYXGjEW5ogapKNMEKNMjibA==",
      "requires": {
        "isexe": "^2.0.0"
      }
    }
  }
}
