{
  "name": "fuse-sdk",
  "version": "2.7.0",
  "lockfileVersion": 1,
  "requires": true,
  "dependencies": {
    "@fuse-open/fuselibs": {
      "version": "2.7.0",
      "resolved": "https://registry.npmjs.org/@fuse-open/fuselibs/-/fuselibs-2.7.0.tgz",
      "integrity": "sha512-Ea78jyoEo5edGL0irdZp8+8GZbyMQWEBJS3IMnbkerV+0go7nj153h0UcePhH9QXbMJKqdn69FUP7Sz7ixIsVA=="
    },
    "@fuse-open/opentk": {
      "version": "3.2.0",
      "resolved": "https://registry.npmjs.org/@fuse-open/opentk/-/opentk-3.2.0.tgz",
      "integrity": "sha512-LFXms2H9+3k12Ijcaz4aQ+9PzHn6KiN1ee/0T7iwkraTGy9f8g/SUCmLa7Co/Bzrr0Ykj2u7eYoT7QXYtutOEA=="
    },
    "@fuse-open/transpiler": {
      "version": "1.17.4",
      "resolved": "https://registry.npmjs.org/@fuse-open/transpiler/-/transpiler-1.17.4.tgz",
      "integrity": "sha512-Vdn2D6aqe38x5U3cnhKauQXNKFT+mRd7ClNu/tr4wfNG2IvnnsbnqHo6rNqpRMWNe/2PRq6gXbOENYNGevlwCA=="
    },
    "@fuse-open/types": {
      "version": "2.7.0",
      "resolved": "https://registry.npmjs.org/@fuse-open/types/-/types-2.7.0.tgz",
      "integrity": "sha512-s1rnE0cU8ZRjkRR6izTnDcgjp0a/MMnfARZwkvWrQayib+Pg3kUIBaATN03gv9QYG2QiKcwsbrXOEyCvEHzulg=="
    },
    "@fuse-open/uno": {
      "version": "2.7.0",
      "resolved": "https://registry.npmjs.org/@fuse-open/uno/-/uno-2.7.0.tgz",
      "integrity": "sha512-yKhPfC7BV/eeLUQDEq38Wlwr2uJpkOuUViwlzpexq3MDHWXclHpo8n4EcJZI1RoL66UjebWj97WhztaWmE0hbA==",
      "requires": {
        "@fuse-open/opentk": "^3.2.0",
        "@fuse-open/transpiler": "^1.17.4",
        "@fuse-open/xamarin-mac": "^8.12.0",
        "dotnet-run": "^1.5.0"
      }
    },
    "@fuse-open/xamarin-mac": {
      "version": "8.12.0",
      "resolved": "https://registry.npmjs.org/@fuse-open/xamarin-mac/-/xamarin-mac-8.12.0.tgz",
      "integrity": "sha512-q2r2Pdr3sD5SgLyb+3EKJ+DDMTcUiKuRhHMi4qumYhl3vWPiLXaXDtmTKVu5a1Vqf4pR6qwpwnTjCbLZBsbsFA=="
    },
    "asynckit": {
      "version": "0.4.0",
      "resolved": "https://registry.npmjs.org/asynckit/-/asynckit-0.4.0.tgz",
      "integrity": "sha512-Oei9OH4tRh0YqU3GxhX79dM/mwVgvbZJaSNaRk+bshkj0S5cfHcgYakreBjrHwatXKbz+IoIdYLxrKim2MjW0Q==",
      "dev": true
    },
    "axios": {
      "version": "0.27.2",
      "resolved": "https://registry.npmjs.org/axios/-/axios-0.27.2.tgz",
      "integrity": "sha512-t+yRIyySRTp/wua5xEr+z1q60QmLq8ABsS5O9Me1AsE5dfKqgnCFzwiCZZ/cGNd1lq4/7akDWMxdhVlucjmnOQ==",
      "dev": true,
      "requires": {
        "follow-redirects": "^1.14.9",
        "form-data": "^4.0.0"
      }
    },
    "combined-stream": {
      "version": "1.0.8",
      "resolved": "https://registry.npmjs.org/combined-stream/-/combined-stream-1.0.8.tgz",
      "integrity": "sha512-FQN4MRfuJeHf7cBbBMJFXhKSDq+2kAArBlmRBvcvFE5BB1HZKXtSFASDhdlz9zOYwxh8lDdnvmMOe/+5cdoEdg==",
      "dev": true,
      "requires": {
        "delayed-stream": "~1.0.0"
      }
    },
    "delayed-stream": {
      "version": "1.0.0",
      "resolved": "https://registry.npmjs.org/delayed-stream/-/delayed-stream-1.0.0.tgz",
      "integrity": "sha512-ZySD7Nf91aLB0RxL4KGrKHBXl7Eds1DAmEdcoVawXnLD7SDhpNgtuII2aAkg7a7QS41jxPSZ17p4VdGnMHk3MQ==",
      "dev": true
    },
    "dotnet-run": {
      "version": "1.5.0",
      "resolved": "https://registry.npmjs.org/dotnet-run/-/dotnet-run-1.5.0.tgz",
      "integrity": "sha512-Huwx7vUQzlCx59+JdcRRltSXnhyqCoBh2LmhmDbaTxFMaKBgKeYgkEy6Cx4Cb2Pr+DomHKuHmwFBksLLiD9VnA=="
    },
    "follow-redirects": {
      "version": "1.15.2",
      "resolved": "https://registry.npmjs.org/follow-redirects/-/follow-redirects-1.15.2.tgz",
      "integrity": "sha512-VQLG33o04KaQ8uYi2tVNbdrWp1QWxNNea+nmIB4EVM28v0hmP17z7aG1+wAkNzVq4KeXTq3221ye5qTJP91JwA==",
      "dev": true
    },
    "form-data": {
      "version": "4.0.0",
      "resolved": "https://registry.npmjs.org/form-data/-/form-data-4.0.0.tgz",
      "integrity": "sha512-ETEklSGi5t0QMZuiXoA/Q6vcnxcLQP5vdugSpuAyi6SVGi2clPPp+xgEhuMaHC+zGgn31Kd235W35f7Hykkaww==",
      "dev": true,
      "requires": {
        "asynckit": "^0.4.0",
        "combined-stream": "^1.0.8",
        "mime-types": "^2.1.12"
      }
    },
    "mime-db": {
      "version": "1.52.0",
      "resolved": "https://registry.npmjs.org/mime-db/-/mime-db-1.52.0.tgz",
      "integrity": "sha512-sPU4uV7dYlvtWJxwwxHD0PuihVNiE7TyAbQ5SWxDCB9mUYvOgroQOwYQQOKPJ8CIbE+1ETVlOoK1UC2nU3gYvg==",
      "dev": true
    },
    "mime-types": {
      "version": "2.1.35",
      "resolved": "https://registry.npmjs.org/mime-types/-/mime-types-2.1.35.tgz",
      "integrity": "sha512-ZDY+bPm5zTTF+YpCrAU9nK0UgICYPT0QtT1NZWFv4s++TNkcgVaT0g6+4R2uI4MjQjzysHB1zxuWL50hzaeXiw==",
      "dev": true,
      "requires": {
        "mime-db": "1.52.0"
      }
    }
  }
}
