{
  "name": "fuse-sdk",
  "version": "1.13.0",
  "lockfileVersion": 1,
  "requires": true,
  "dependencies": {
    "@fuse-open/fuselibs": {
      "version": "1.13.0",
      "resolved": "https://registry.npmjs.org/@fuse-open/fuselibs/-/fuselibs-1.13.0.tgz",
      "integrity": "sha512-LKrfG/APO6UKJPrDS1zDXyo2zrCdlivPFgEWai6bCot3tvZiK62qH+Ayq8XZqsoD12t1M2KiHkdTZAKbj4/kGg=="
    },
    "@fuse-open/uno": {
      "version": "1.13.1",
      "resolved": "https://registry.npmjs.org/@fuse-open/uno/-/uno-1.13.1.tgz",
      "integrity": "sha512-QxNLRDSzIgia6P60U7yv/p+G+/bNlmC5p5rvkD33FCBK9PksZ8deWJY1vNZ2Mw/811qXbGA7fymCpY8l4lNgTA==",
      "requires": {
        "dotnet-run": "^1.0.0"
      }
    },
    "dotnet-run": {
      "version": "1.0.0",
      "resolved": "https://registry.npmjs.org/dotnet-run/-/dotnet-run-1.0.0.tgz",
      "integrity": "sha512-jgUouzFdtKzY+41fQPGg+F9o73DxkOpjTjWnrJKsywbTjBElWZDwluYLZrGDcmbP0kppBgaduunAXckkfWn8fA=="
    }
  }
}
